
Microsoft Visual Studio Solution File, Format Version 12.00
# Visual Studio Version 17
VisualStudioVersion = 17.2.32630.192
MinimumVisualStudioVersion = 10.0.40219.1
Project("{9A19103F-16F7-4668-BE54-9A1E7A4F7556}") = "PMOSRS", "PMOSRS\PMOSRS.csproj", "{98CDC8C8-D626-4B11-B327-F193E755DE05}"
EndProject
Project("{9A19103F-16F7-4668-BE54-9A1E7A4F7556}") = "PMOSRS.Model", "PMOSRS.Model\PMOSRS.Model.csproj", "{D3501D9F-504F-4F37-BD0F-B14441B9E6FE}"
EndProject
Project("{9A19103F-16F7-4668-BE54-9A1E7A4F7556}") = "PMOSRS.Data.Core", "PMOSRS.Data.Core\PMOSRS.Data.Core.csproj", "{D50D43E8-B731-4A63-944B-5471102AA9CC}"
EndProject
Global
	GlobalSection(SolutionConfigurationPlatforms) = preSolution
		Debug|Any CPU = Debug|Any CPU
		Release|Any CPU = Release|Any CPU
	EndGlobalSection
	GlobalSection(ProjectConfigurationPlatforms) = postSolution
		{98CDC8C8-D626-4B11-B327-F193E755DE05}.Debug|Any CPU.ActiveCfg = Debug|Any CPU
		{98CDC8C8-D626-4B11-B327-F193E755DE05}.Debug|Any CPU.Build.0 = Debug|Any CPU
		{98CDC8C8-D626-4B11-B327-F193E755DE05}.Release|Any CPU.ActiveCfg = Release|Any CPU
		{98CDC8C8-D626-4B11-B327-F193E755DE05}.Release|Any CPU.Build.0 = Release|Any CPU
		{D3501D9F-504F-4F37-BD0F-B14441B9E6FE}.Debug|Any CPU.ActiveCfg = Debug|Any CPU
		{D3501D9F-504F-4F37-BD0F-B14441B9E6FE}.Debug|Any CPU.Build.0 = Debug|Any CPU
		{D3501D9F-504F-4F37-BD0F-B14441B9E6FE}.Release|Any CPU.ActiveCfg = Release|Any CPU
		{D3501D9F-504F-4F37-BD0F-B14441B9E6FE}.Release|Any CPU.Build.0 = Release|Any CPU
		{D50D43E8-B731-4A63-944B-5471102AA9CC}.Debug|Any CPU.ActiveCfg = Debug|Any CPU
		{D50D43E8-B731-4A63-944B-5471102AA9CC}.Debug|Any CPU.Build.0 = Debug|Any CPU
		{D50D43E8-B731-4A63-944B-5471102AA9CC}.Release|Any CPU.ActiveCfg = Release|Any CPU
		{D50D43E8-B731-4A63-944B-5471102AA9CC}.Release|Any CPU.Build.0 = Release|Any CPU
	EndGlobalSection
	GlobalSection(SolutionProperties) = preSolution
		HideSolutionNode = FALSE
	EndGlobalSection
	GlobalSection(ExtensibilityGlobals) = postSolution
		SolutionGuid = {2EAD023F-B3B8-44BE-BA52-D7764AB2F71E}
	EndGlobalSection
EndGlobal
